
Microsoft Visual Studio Solution File, Format Version 12.00
# Visual Studio Version 17
VisualStudioVersion = 17.6.33829.357
MinimumVisualStudioVersion = 10.0.40219.1
Project("{9A19103F-16F7-4668-BE54-9A1E7A4F7556}") = "MultiThreading.Task5.Threads.SharedCollection", "MultiThreading\Task5.Threads.SharedCollection\MultiThreading.Task5.Threads.SharedCollection.csproj", "{3F6E503A-3BD1-4117-803F-DE3A1D3D72EE}"
EndProject
Project("{9A19103F-16F7-4668-BE54-9A1E7A4F7556}") = "MultiThreading.Task6.Continuation", "MultiThreading\Task6.Continuation\MultiThreading.Task6.Continuation.csproj", "{5231083A-4936-4CC4-87FE-CFA228AA372D}"
EndProject
Project("{9A19103F-16F7-4668-BE54-9A1E7A4F7556}") = "MultiThreading.Task1.100Tasks", "MultiThreading\Task1.100Tasks\MultiThreading.Task1.100Tasks.csproj", "{5CC3D09B-1941-4C28-BDB8-A62BC6BF07B6}"
EndProject
Project("{9A19103F-16F7-4668-BE54-9A1E7A4F7556}") = "MultiThreading.Task2.Chaining", "MultiThreading\Task2.Chaining\MultiThreading.Task2.Chaining.csproj", "{0D02D53F-B27C-4185-9BE7-4C83E7783234}"
EndProject
Project("{9A19103F-16F7-4668-BE54-9A1E7A4F7556}") = "MultiThreading.Task3.MatrixMultiplier", "MultiThreading\Task3.Matrixes\MultiThreading.Task3.MatrixMultiplier.csproj", "{385391B2-1A7A-4DC7-863D-5A6A0D5400E3}"
EndProject
Project("{9A19103F-16F7-4668-BE54-9A1E7A4F7556}") = "MultiThreading.Task4.Threads.Join", "MultiThreading\Task4.Threads.Join\MultiThreading.Task4.Threads.Join.csproj", "{3C9627BE-0041-493D-B2CA-C8CD6B4BB3F5}"
EndProject
Project("{2150E333-8FDC-42A3-9474-1A3956D46DE8}") = "MultiThreading", "MultiThreading", "{2EBAA665-73D4-42E6-84F6-164E24552E62}"
EndProject
Project("{2150E333-8FDC-42A3-9474-1A3956D46DE8}") = "Async", "Async", "{51AF36D0-D9F7-4CB9-ACEB-8A9BAA9B7FCE}"
EndProject
Project("{9A19103F-16F7-4668-BE54-9A1E7A4F7556}") = "MultiThreading.Task3.MatrixMultiplier.Tests", "MultiThreading\Task3.MatrixMultiplier.Tests\MultiThreading.Task3.MatrixMultiplier.Tests.csproj", "{A46A0749-2F98-42CD-A385-A88C1DCE8CF7}"
EndProject
Project("{9A19103F-16F7-4668-BE54-9A1E7A4F7556}") = "AsyncAwait.Task1.CancellationTokens", "AsyncAwait.Task1.CancellationTokens\AsyncAwait.Task1.CancellationTokens.csproj", "{97063D97-2831-4392-AF9F-E47A28948223}"
EndProject
Project("{9A19103F-16F7-4668-BE54-9A1E7A4F7556}") = "Task2.CodeReviewChallenge", "AsyncAwait.Task2.CodeReviewChallenge\Task2.CodeReviewChallenge.csproj", "{9568E06D-B2DD-460B-A799-9791ADF9C9EB}"
EndProject
Project("{9A19103F-16F7-4668-BE54-9A1E7A4F7556}") = "CloudServices", "CloudServices\CloudServices.csproj", "{0958EAC7-74DB-406B-BB35-6D5F744A55EC}"
EndProject
Project("{2150E333-8FDC-42A3-9474-1A3956D46DE8}") = "Message queues", "Message queues", "{75A3DFC9-0218-4C39-8E0C-4D8A8FF98EFD}"
EndProject
Project("{9A19103F-16F7-4668-BE54-9A1E7A4F7556}") = "DataCapture.Service", "Message queues\DataCapture.Service\DataCapture.Service.csproj", "{DF5F1768-5501-4A6F-B8FF-A502FB654767}"
EndProject
Project("{9A19103F-16F7-4668-BE54-9A1E7A4F7556}") = "Processing.Service", "Message queues\Processing.Service\Processing.Service.csproj", "{42AF8F4C-59B0-4E59-9324-97679C28F89B}"
EndProject
Project("{2150E333-8FDC-42A3-9474-1A3956D46DE8}") = "AnalyzingAndProfilingTools", "AnalyzingAndProfilingTools", "{1EB9A4DD-314D-414E-8C96-CBCBCA083931}"
EndProject
Project("{9A19103F-16F7-4668-BE54-9A1E7A4F7556}") = "Task1", "AnalizingAndProfilingTools\Task1\Task1.csproj", "{5558ABE9-D002-4918-89FF-0CCBB0D54022}"
EndProject
Project("{FAE04EC0-301F-11D3-BF4B-00C04F79EFBC}") = "ProfileSample", "AnalizingAndProfilingTools\ProfileSample\ProfileSample.csproj", "{FF559A2F-212A-4C6B-8408-4C44C49E321D}"
EndProject
Project("{FAE04EC0-301F-11D3-BF4B-00C04F79EFBC}") = "GameOfLife", "AnalizingAndProfilingTools\GameOfLife\GameOfLife\GameOfLife\GameOfLife.csproj", "{BDFD7BAE-9744-44C4-8259-B3757F24B245}"
EndProject
Project("{2150E333-8FDC-42A3-9474-1A3956D46DE8}") = "Expressions", "Expressions", "{4D480C78-C32C-4F68-B154-46F2E2EA2FB7}"
EndProject
Project("{9A19103F-16F7-4668-BE54-9A1E7A4F7556}") = "ExpressionTrees.Task1.ExpressionsTransformer", "Expressions\ExpressionTrees.Task1.ExpressionsTransformator\ExpressionTrees.Task1.ExpressionsTransformer.csproj", "{C7068F5B-5B4C-4912-8B39-E86E4F524DEF}"
EndProject
Project("{9A19103F-16F7-4668-BE54-9A1E7A4F7556}") = "ExpressionTrees.Task2.ExpressionMapping", "Expressions\ExpressionTrees.Task2.ExpressionMapping\ExpressionTrees.Task2.ExpressionMapping.csproj", "{8CC7785A-D915-4ED8-826C-FCEC9DBEA202}"
EndProject
Project("{9A19103F-16F7-4668-BE54-9A1E7A4F7556}") = "ExpressionTrees.Task2.ExpressionMapping.Tests", "Expressions\ExpressionTrees.Task2.ExpressionMapping.Tests\ExpressionTrees.Task2.ExpressionMapping.Tests.csproj", "{04FF7460-EFE3-406B-90C1-11A70AF188AA}"
EndProject
Project("{2150E333-8FDC-42A3-9474-1A3956D46DE8}") = "REST", "REST", "{576A835A-3522-4BB7-9AFA-696DFBA1086A}"
EndProject
Project("{9A19103F-16F7-4668-BE54-9A1E7A4F7556}") = "CatalogService", "CatalogService\CatalogService.csproj", "{5B9710CC-6194-4B0F-BC76-9D527BB562C3}"
EndProject
Project("{9A19103F-16F7-4668-BE54-9A1E7A4F7556}") = "CatalogService.API", "CatalogService.API\CatalogService.API.csproj", "{6587CCA3-ACFF-4C22-97B8-D7106B072361}"
EndProject
Project("{2150E333-8FDC-42A3-9474-1A3956D46DE8}") = "GOF", "GOF", "{0221FB08-621D-4703-9928-A2BE7BC6086E}"
EndProject
Project("{FAE04EC0-301F-11D3-BF4B-00C04F79EFBC}") = "Adapter.Task", "GOF\Adapter.Task\Adapter.Task.csproj", "{570BC695-A2A1-4579-AC03-E6EE4EF0CAD3}"
EndProject
Project("{FAE04EC0-301F-11D3-BF4B-00C04F79EFBC}") = "Composite.Tasks", "GOF\Composite.Tasks\Composite.Tasks.csproj", "{38541E0A-0E3D-4CB7-911E-DAE3C87E61FE}"
EndProject
Global
	GlobalSection(SolutionConfigurationPlatforms) = preSolution
		Debug|Any CPU = Debug|Any CPU
		Release|Any CPU = Release|Any CPU
	EndGlobalSection
	GlobalSection(ProjectConfigurationPlatforms) = postSolution
		{3F6E503A-3BD1-4117-803F-DE3A1D3D72EE}.Debug|Any CPU.ActiveCfg = Debug|Any CPU
		{3F6E503A-3BD1-4117-803F-DE3A1D3D72EE}.Debug|Any CPU.Build.0 = Debug|Any CPU
		{3F6E503A-3BD1-4117-803F-DE3A1D3D72EE}.Release|Any CPU.ActiveCfg = Release|Any CPU
		{3F6E503A-3BD1-4117-803F-DE3A1D3D72EE}.Release|Any CPU.Build.0 = Release|Any CPU
		{5231083A-4936-4CC4-87FE-CFA228AA372D}.Debug|Any CPU.ActiveCfg = Debug|Any CPU
		{5231083A-4936-4CC4-87FE-CFA228AA372D}.Debug|Any CPU.Build.0 = Debug|Any CPU
		{5231083A-4936-4CC4-87FE-CFA228AA372D}.Release|Any CPU.ActiveCfg = Release|Any CPU
		{5231083A-4936-4CC4-87FE-CFA228AA372D}.Release|Any CPU.Build.0 = Release|Any CPU
		{5CC3D09B-1941-4C28-BDB8-A62BC6BF07B6}.Debug|Any CPU.ActiveCfg = Debug|Any CPU
		{5CC3D09B-1941-4C28-BDB8-A62BC6BF07B6}.Debug|Any CPU.Build.0 = Debug|Any CPU
		{5CC3D09B-1941-4C28-BDB8-A62BC6BF07B6}.Release|Any CPU.ActiveCfg = Release|Any CPU
		{5CC3D09B-1941-4C28-BDB8-A62BC6BF07B6}.Release|Any CPU.Build.0 = Release|Any CPU
		{0D02D53F-B27C-4185-9BE7-4C83E7783234}.Debug|Any CPU.ActiveCfg = Debug|Any CPU
		{0D02D53F-B27C-4185-9BE7-4C83E7783234}.Debug|Any CPU.Build.0 = Debug|Any CPU
		{0D02D53F-B27C-4185-9BE7-4C83E7783234}.Release|Any CPU.ActiveCfg = Release|Any CPU
		{0D02D53F-B27C-4185-9BE7-4C83E7783234}.Release|Any CPU.Build.0 = Release|Any CPU
		{385391B2-1A7A-4DC7-863D-5A6A0D5400E3}.Debug|Any CPU.ActiveCfg = Debug|Any CPU
		{385391B2-1A7A-4DC7-863D-5A6A0D5400E3}.Debug|Any CPU.Build.0 = Debug|Any CPU
		{385391B2-1A7A-4DC7-863D-5A6A0D5400E3}.Release|Any CPU.ActiveCfg = Release|Any CPU
		{385391B2-1A7A-4DC7-863D-5A6A0D5400E3}.Release|Any CPU.Build.0 = Release|Any CPU
		{3C9627BE-0041-493D-B2CA-C8CD6B4BB3F5}.Debug|Any CPU.ActiveCfg = Debug|Any CPU
		{3C9627BE-0041-493D-B2CA-C8CD6B4BB3F5}.Debug|Any CPU.Build.0 = Debug|Any CPU
		{3C9627BE-0041-493D-B2CA-C8CD6B4BB3F5}.Release|Any CPU.ActiveCfg = Release|Any CPU
		{3C9627BE-0041-493D-B2CA-C8CD6B4BB3F5}.Release|Any CPU.Build.0 = Release|Any CPU
		{A46A0749-2F98-42CD-A385-A88C1DCE8CF7}.Debug|Any CPU.ActiveCfg = Debug|Any CPU
		{A46A0749-2F98-42CD-A385-A88C1DCE8CF7}.Debug|Any CPU.Build.0 = Debug|Any CPU
		{A46A0749-2F98-42CD-A385-A88C1DCE8CF7}.Release|Any CPU.ActiveCfg = Release|Any CPU
		{A46A0749-2F98-42CD-A385-A88C1DCE8CF7}.Release|Any CPU.Build.0 = Release|Any CPU
		{97063D97-2831-4392-AF9F-E47A28948223}.Debug|Any CPU.ActiveCfg = Debug|Any CPU
		{97063D97-2831-4392-AF9F-E47A28948223}.Debug|Any CPU.Build.0 = Debug|Any CPU
		{97063D97-2831-4392-AF9F-E47A28948223}.Release|Any CPU.ActiveCfg = Release|Any CPU
		{97063D97-2831-4392-AF9F-E47A28948223}.Release|Any CPU.Build.0 = Release|Any CPU
		{9568E06D-B2DD-460B-A799-9791ADF9C9EB}.Debug|Any CPU.ActiveCfg = Debug|Any CPU
		{9568E06D-B2DD-460B-A799-9791ADF9C9EB}.Debug|Any CPU.Build.0 = Debug|Any CPU
		{9568E06D-B2DD-460B-A799-9791ADF9C9EB}.Release|Any CPU.ActiveCfg = Release|Any CPU
		{9568E06D-B2DD-460B-A799-9791ADF9C9EB}.Release|Any CPU.Build.0 = Release|Any CPU
		{0958EAC7-74DB-406B-BB35-6D5F744A55EC}.Debug|Any CPU.ActiveCfg = Debug|Any CPU
		{0958EAC7-74DB-406B-BB35-6D5F744A55EC}.Debug|Any CPU.Build.0 = Debug|Any CPU
		{0958EAC7-74DB-406B-BB35-6D5F744A55EC}.Release|Any CPU.ActiveCfg = Release|Any CPU
		{0958EAC7-74DB-406B-BB35-6D5F744A55EC}.Release|Any CPU.Build.0 = Release|Any CPU
		{DF5F1768-5501-4A6F-B8FF-A502FB654767}.Debug|Any CPU.ActiveCfg = Debug|Any CPU
		{DF5F1768-5501-4A6F-B8FF-A502FB654767}.Debug|Any CPU.Build.0 = Debug|Any CPU
		{DF5F1768-5501-4A6F-B8FF-A502FB654767}.Release|Any CPU.ActiveCfg = Release|Any CPU
		{DF5F1768-5501-4A6F-B8FF-A502FB654767}.Release|Any CPU.Build.0 = Release|Any CPU
		{42AF8F4C-59B0-4E59-9324-97679C28F89B}.Debug|Any CPU.ActiveCfg = Debug|Any CPU
		{42AF8F4C-59B0-4E59-9324-97679C28F89B}.Debug|Any CPU.Build.0 = Debug|Any CPU
		{42AF8F4C-59B0-4E59-9324-97679C28F89B}.Release|Any CPU.ActiveCfg = Release|Any CPU
		{42AF8F4C-59B0-4E59-9324-97679C28F89B}.Release|Any CPU.Build.0 = Release|Any CPU
		{5558ABE9-D002-4918-89FF-0CCBB0D54022}.Debug|Any CPU.ActiveCfg = Debug|Any CPU
		{5558ABE9-D002-4918-89FF-0CCBB0D54022}.Debug|Any CPU.Build.0 = Debug|Any CPU
		{5558ABE9-D002-4918-89FF-0CCBB0D54022}.Release|Any CPU.ActiveCfg = Release|Any CPU
		{5558ABE9-D002-4918-89FF-0CCBB0D54022}.Release|Any CPU.Build.0 = Release|Any CPU
		{FF559A2F-212A-4C6B-8408-4C44C49E321D}.Debug|Any CPU.ActiveCfg = Debug|Any CPU
		{FF559A2F-212A-4C6B-8408-4C44C49E321D}.Debug|Any CPU.Build.0 = Debug|Any CPU
		{FF559A2F-212A-4C6B-8408-4C44C49E321D}.Release|Any CPU.ActiveCfg = Release|Any CPU
		{FF559A2F-212A-4C6B-8408-4C44C49E321D}.Release|Any CPU.Build.0 = Release|Any CPU
		{BDFD7BAE-9744-44C4-8259-B3757F24B245}.Debug|Any CPU.ActiveCfg = Debug|Any CPU
		{BDFD7BAE-9744-44C4-8259-B3757F24B245}.Debug|Any CPU.Build.0 = Debug|Any CPU
		{BDFD7BAE-9744-44C4-8259-B3757F24B245}.Release|Any CPU.ActiveCfg = Release|Any CPU
		{BDFD7BAE-9744-44C4-8259-B3757F24B245}.Release|Any CPU.Build.0 = Release|Any CPU
		{C7068F5B-5B4C-4912-8B39-E86E4F524DEF}.Debug|Any CPU.ActiveCfg = Debug|Any CPU
		{C7068F5B-5B4C-4912-8B39-E86E4F524DEF}.Debug|Any CPU.Build.0 = Debug|Any CPU
		{C7068F5B-5B4C-4912-8B39-E86E4F524DEF}.Release|Any CPU.ActiveCfg = Release|Any CPU
		{C7068F5B-5B4C-4912-8B39-E86E4F524DEF}.Release|Any CPU.Build.0 = Release|Any CPU
		{8CC7785A-D915-4ED8-826C-FCEC9DBEA202}.Debug|Any CPU.ActiveCfg = Debug|Any CPU
		{8CC7785A-D915-4ED8-826C-FCEC9DBEA202}.Debug|Any CPU.Build.0 = Debug|Any CPU
		{8CC7785A-D915-4ED8-826C-FCEC9DBEA202}.Release|Any CPU.ActiveCfg = Release|Any CPU
		{8CC7785A-D915-4ED8-826C-FCEC9DBEA202}.Release|Any CPU.Build.0 = Release|Any CPU
		{04FF7460-EFE3-406B-90C1-11A70AF188AA}.Debug|Any CPU.ActiveCfg = Debug|Any CPU
		{04FF7460-EFE3-406B-90C1-11A70AF188AA}.Debug|Any CPU.Build.0 = Debug|Any CPU
		{04FF7460-EFE3-406B-90C1-11A70AF188AA}.Release|Any CPU.ActiveCfg = Release|Any CPU
		{04FF7460-EFE3-406B-90C1-11A70AF188AA}.Release|Any CPU.Build.0 = Release|Any CPU
		{5B9710CC-6194-4B0F-BC76-9D527BB562C3}.Debug|Any CPU.ActiveCfg = Debug|Any CPU
		{5B9710CC-6194-4B0F-BC76-9D527BB562C3}.Debug|Any CPU.Build.0 = Debug|Any CPU
		{5B9710CC-6194-4B0F-BC76-9D527BB562C3}.Release|Any CPU.ActiveCfg = Release|Any CPU
		{5B9710CC-6194-4B0F-BC76-9D527BB562C3}.Release|Any CPU.Build.0 = Release|Any CPU
		{6587CCA3-ACFF-4C22-97B8-D7106B072361}.Debug|Any CPU.ActiveCfg = Debug|Any CPU
		{6587CCA3-ACFF-4C22-97B8-D7106B072361}.Debug|Any CPU.Build.0 = Debug|Any CPU
		{6587CCA3-ACFF-4C22-97B8-D7106B072361}.Release|Any CPU.ActiveCfg = Release|Any CPU
		{6587CCA3-ACFF-4C22-97B8-D7106B072361}.Release|Any CPU.Build.0 = Release|Any CPU
		{570BC695-A2A1-4579-AC03-E6EE4EF0CAD3}.Debug|Any CPU.ActiveCfg = Debug|Any CPU
		{570BC695-A2A1-4579-AC03-E6EE4EF0CAD3}.Debug|Any CPU.Build.0 = Debug|Any CPU
		{570BC695-A2A1-4579-AC03-E6EE4EF0CAD3}.Release|Any CPU.ActiveCfg = Release|Any CPU
		{570BC695-A2A1-4579-AC03-E6EE4EF0CAD3}.Release|Any CPU.Build.0 = Release|Any CPU
		{38541E0A-0E3D-4CB7-911E-DAE3C87E61FE}.Debug|Any CPU.ActiveCfg = Debug|Any CPU
		{38541E0A-0E3D-4CB7-911E-DAE3C87E61FE}.Debug|Any CPU.Build.0 = Debug|Any CPU
		{38541E0A-0E3D-4CB7-911E-DAE3C87E61FE}.Release|Any CPU.ActiveCfg = Release|Any CPU
		{38541E0A-0E3D-4CB7-911E-DAE3C87E61FE}.Release|Any CPU.Build.0 = Release|Any CPU
	EndGlobalSection
	GlobalSection(SolutionProperties) = preSolution
		HideSolutionNode = FALSE
	EndGlobalSection
	GlobalSection(NestedProjects) = preSolution
		{3F6E503A-3BD1-4117-803F-DE3A1D3D72EE} = {2EBAA665-73D4-42E6-84F6-164E24552E62}
		{5231083A-4936-4CC4-87FE-CFA228AA372D} = {2EBAA665-73D4-42E6-84F6-164E24552E62}
		{5CC3D09B-1941-4C28-BDB8-A62BC6BF07B6} = {2EBAA665-73D4-42E6-84F6-164E24552E62}
		{0D02D53F-B27C-4185-9BE7-4C83E7783234} = {2EBAA665-73D4-42E6-84F6-164E24552E62}
		{385391B2-1A7A-4DC7-863D-5A6A0D5400E3} = {2EBAA665-73D4-42E6-84F6-164E24552E62}
		{3C9627BE-0041-493D-B2CA-C8CD6B4BB3F5} = {2EBAA665-73D4-42E6-84F6-164E24552E62}
		{A46A0749-2F98-42CD-A385-A88C1DCE8CF7} = {2EBAA665-73D4-42E6-84F6-164E24552E62}
		{97063D97-2831-4392-AF9F-E47A28948223} = {51AF36D0-D9F7-4CB9-ACEB-8A9BAA9B7FCE}
		{9568E06D-B2DD-460B-A799-9791ADF9C9EB} = {51AF36D0-D9F7-4CB9-ACEB-8A9BAA9B7FCE}
		{0958EAC7-74DB-406B-BB35-6D5F744A55EC} = {51AF36D0-D9F7-4CB9-ACEB-8A9BAA9B7FCE}
		{DF5F1768-5501-4A6F-B8FF-A502FB654767} = {75A3DFC9-0218-4C39-8E0C-4D8A8FF98EFD}
		{42AF8F4C-59B0-4E59-9324-97679C28F89B} = {75A3DFC9-0218-4C39-8E0C-4D8A8FF98EFD}
		{5558ABE9-D002-4918-89FF-0CCBB0D54022} = {1EB9A4DD-314D-414E-8C96-CBCBCA083931}
		{FF559A2F-212A-4C6B-8408-4C44C49E321D} = {1EB9A4DD-314D-414E-8C96-CBCBCA083931}
		{BDFD7BAE-9744-44C4-8259-B3757F24B245} = {1EB9A4DD-314D-414E-8C96-CBCBCA083931}
		{C7068F5B-5B4C-4912-8B39-E86E4F524DEF} = {4D480C78-C32C-4F68-B154-46F2E2EA2FB7}
		{8CC7785A-D915-4ED8-826C-FCEC9DBEA202} = {4D480C78-C32C-4F68-B154-46F2E2EA2FB7}
		{04FF7460-EFE3-406B-90C1-11A70AF188AA} = {4D480C78-C32C-4F68-B154-46F2E2EA2FB7}
		{5B9710CC-6194-4B0F-BC76-9D527BB562C3} = {576A835A-3522-4BB7-9AFA-696DFBA1086A}
		{6587CCA3-ACFF-4C22-97B8-D7106B072361} = {576A835A-3522-4BB7-9AFA-696DFBA1086A}
		{570BC695-A2A1-4579-AC03-E6EE4EF0CAD3} = {0221FB08-621D-4703-9928-A2BE7BC6086E}
		{38541E0A-0E3D-4CB7-911E-DAE3C87E61FE} = {0221FB08-621D-4703-9928-A2BE7BC6086E}
	EndGlobalSection
	GlobalSection(ExtensibilityGlobals) = postSolution
		SolutionGuid = {C4B3ECA2-D9D4-486F-B3E2-40B614E3DBBB}
	EndGlobalSection
EndGlobal
